
Microsoft Visual Studio Solution File, Format Version 12.00
# Visual Studio Version 17
VisualStudioVersion = 17.11.35327.3
MinimumVisualStudioVersion = 10.0.40219.1
Project("{8BC9CEB8-8B4A-11D0-8D11-00A0C91BC942}") = "StructuriDate", "StructuriDate\StructuriDate.vcxproj", "{FDE0FDC7-8F70-4B68-BFDB-4312897ED5D8}"
EndProject
Global
	GlobalSection(SolutionConfigurationPlatforms) = preSolution
		Debug|x64 = Debug|x64
		Debug|x86 = Debug|x86
		Release|x64 = Release|x64
		Release|x86 = Release|x86
	EndGlobalSection
	GlobalSection(ProjectConfigurationPlatforms) = postSolution
		{FDE0FDC7-8F70-4B68-BFDB-4312897ED5D8}.Debug|x64.ActiveCfg = Debug|x64
		{FDE0FDC7-8F70-4B68-BFDB-4312897ED5D8}.Debug|x64.Build.0 = Debug|x64
		{FDE0FDC7-8F70-4B68-BFDB-4312897ED5D8}.Debug|x86.ActiveCfg = Debug|Win32
		{FDE0FDC7-8F70-4B68-BFDB-4312897ED5D8}.Debug|x86.Build.0 = Debug|Win32
		{FDE0FDC7-8F70-4B68-BFDB-4312897ED5D8}.Release|x64.ActiveCfg = Release|x64
		{FDE0FDC7-8F70-4B68-BFDB-4312897ED5D8}.Release|x64.Build.0 = Release|x64
		{FDE0FDC7-8F70-4B68-BFDB-4312897ED5D8}.Release|x86.ActiveCfg = Release|Win32
		{FDE0FDC7-8F70-4B68-BFDB-4312897ED5D8}.Release|x86.Build.0 = Release|Win32
	EndGlobalSection
	GlobalSection(SolutionProperties) = preSolution
		HideSolutionNode = FALSE
	EndGlobalSection
	GlobalSection(ExtensibilityGlobals) = postSolution
		SolutionGuid = {2F59796A-E244-4F49-BCC4-1584279C91D3}
	EndGlobalSection
EndGlobal
